
Microsoft Visual Studio Solution File, Format Version 12.00
# Visual Studio Version 17
VisualStudioVersion = 17.1.32319.34
MinimumVisualStudioVersion = 10.0.40219.1
Project("{FAE04EC0-301F-11D3-BF4B-00C04F79EFBC}") = "LaConsola2", "LaConsola2\LaConsola2.csproj", "{FB371389-BA13-4858-8675-82EAF232E48C}"
EndProject
Global
	GlobalSection(SolutionConfigurationPlatforms) = preSolution
		Debug|Any CPU = Debug|Any CPU
		Release|Any CPU = Release|Any CPU
	EndGlobalSection
	GlobalSection(ProjectConfigurationPlatforms) = postSolution
		{FB371389-BA13-4858-8675-82EAF232E48C}.Debug|Any CPU.ActiveCfg = Debug|Any CPU
		{FB371389-BA13-4858-8675-82EAF232E48C}.Debug|Any CPU.Build.0 = Debug|Any CPU
		{FB371389-BA13-4858-8675-82EAF232E48C}.Release|Any CPU.ActiveCfg = Release|Any CPU
		{FB371389-BA13-4858-8675-82EAF232E48C}.Release|Any CPU.Build.0 = Release|Any CPU
	EndGlobalSection
	GlobalSection(SolutionProperties) = preSolution
		HideSolutionNode = FALSE
	EndGlobalSection
	GlobalSection(ExtensibilityGlobals) = postSolution
		SolutionGuid = {9BF41F05-DFA5-45DF-B6FF-65A0EDBB3928}
	EndGlobalSection
EndGlobal
